Microsoft Visual Studio Solution File, Format Version 12.00
# Visual Studio Version 17
VisualStudioVersion = 17.5.2.0
MinimumVisualStudioVersion = 10.0.40219.1
Project("{FAE04EC0-301F-11D3-BF4B-00C04F79EFBC}") = "TransaccionesService", "TransaccionesService\TransaccionesService.csproj", "{30ACE1A2-3D11-E3BB-1840-0166D8CA3148}"
EndProject
Project("{FAE04EC0-301F-11D3-BF4B-00C04F79EFBC}") = "ProductosService", "ProductosService\ProductosService.csproj", "{47CA8D63-1690-83DB-022F-22F2AA1AD7E1}"
EndProject
Global
	GlobalSection(SolutionConfigurationPlatforms) = preSolution
		Debug|Any CPU = Debug|Any CPU
		Release|Any CPU = Release|Any CPU
	EndGlobalSection
	GlobalSection(ProjectConfigurationPlatforms) = postSolution
		{30ACE1A2-3D11-E3BB-1840-0166D8CA3148}.Debug|Any CPU.ActiveCfg = Debug|Any CPU
		{30ACE1A2-3D11-E3BB-1840-0166D8CA3148}.Debug|Any CPU.Build.0 = Debug|Any CPU
		{30ACE1A2-3D11-E3BB-1840-0166D8CA3148}.Release|Any CPU.ActiveCfg = Release|Any CPU
		{30ACE1A2-3D11-E3BB-1840-0166D8CA3148}.Release|Any CPU.Build.0 = Release|Any CPU
		{47CA8D63-1690-83DB-022F-22F2AA1AD7E1}.Debug|Any CPU.ActiveCfg = Debug|Any CPU
		{47CA8D63-1690-83DB-022F-22F2AA1AD7E1}.Debug|Any CPU.Build.0 = Debug|Any CPU
		{47CA8D63-1690-83DB-022F-22F2AA1AD7E1}.Release|Any CPU.ActiveCfg = Release|Any CPU
		{47CA8D63-1690-83DB-022F-22F2AA1AD7E1}.Release|Any CPU.Build.0 = Release|Any CPU
	EndGlobalSection
	GlobalSection(SolutionProperties) = preSolution
		HideSolutionNode = FALSE
	EndGlobalSection
	GlobalSection(ExtensibilityGlobals) = postSolution
		SolutionGuid = {48C60B87-C41F-4672-8956-D022DAC3F820}
	EndGlobalSection
EndGlobal
